
Microsoft Visual Studio Solution File, Format Version 12.00
# Visual Studio Version 17
VisualStudioVersion = 17.9.34728.123
MinimumVisualStudioVersion = 10.0.40219.1
Project("{9A19103F-16F7-4668-BE54-9A1E7A4F7556}") = "BookStore", "BookStore\BookStore.csproj", "{EB40C484-4D10-40E0-9886-1ED42155E31A}"
EndProject
Project("{9A19103F-16F7-4668-BE54-9A1E7A4F7556}") = "Repository", "Repository\Repository.csproj", "{86B4316E-9C17-4F43-AAF4-5E56EB894D06}"
EndProject
Global
	GlobalSection(SolutionConfigurationPlatforms) = preSolution
		Debug|Any CPU = Debug|Any CPU
		Release|Any CPU = Release|Any CPU
	EndGlobalSection
	GlobalSection(ProjectConfigurationPlatforms) = postSolution
		{EB40C484-4D10-40E0-9886-1ED42155E31A}.Debug|Any CPU.ActiveCfg = Debug|Any CPU
		{EB40C484-4D10-40E0-9886-1ED42155E31A}.Debug|Any CPU.Build.0 = Debug|Any CPU
		{EB40C484-4D10-40E0-9886-1ED42155E31A}.Release|Any CPU.ActiveCfg = Release|Any CPU
		{EB40C484-4D10-40E0-9886-1ED42155E31A}.Release|Any CPU.Build.0 = Release|Any CPU
		{86B4316E-9C17-4F43-AAF4-5E56EB894D06}.Debug|Any CPU.ActiveCfg = Debug|Any CPU
		{86B4316E-9C17-4F43-AAF4-5E56EB894D06}.Debug|Any CPU.Build.0 = Debug|Any CPU
		{86B4316E-9C17-4F43-AAF4-5E56EB894D06}.Release|Any CPU.ActiveCfg = Release|Any CPU
		{86B4316E-9C17-4F43-AAF4-5E56EB894D06}.Release|Any CPU.Build.0 = Release|Any CPU
	EndGlobalSection
	GlobalSection(SolutionProperties) = preSolution
		HideSolutionNode = FALSE
	EndGlobalSection
	GlobalSection(ExtensibilityGlobals) = postSolution
		SolutionGuid = {9B6951DD-B78B-4CCB-AB82-462BB9C638FB}
	EndGlobalSection
EndGlobal
